
Microsoft Visual Studio Solution File, Format Version 12.00
# Visual Studio 14
VisualStudioVersion = 14.0.25420.1
MinimumVisualStudioVersion = 10.0.40219.1
Project("{8BC9CEB8-8B4A-11D0-8D11-00A0C91BC942}") = "AAUnlimitedDll", "AAUnlimited\AAUnlimited.vcxproj", "{AA2A22EF-17CB-4B53-B921-05C18036AD15}"
	ProjectSection(ProjectDependencies) = postProject
		{E1AF35E4-2324-493C-B446-6B70A164A0B2} = {E1AF35E4-2324-493C-B446-6B70A164A0B2}
	EndProjectSection
EndProject
Project("{8BC9CEB8-8B4A-11D0-8D11-00A0C91BC942}") = "XXObjectExtracter", "XXObjectExtracter\XXObjectExtracter.vcxproj", "{43075A07-A627-44C9-9C55-1AE92AA636F8}"
EndProject
Project("{8BC9CEB8-8B4A-11D0-8D11-00A0C91BC942}") = "lua53", "lua53\lua53.vcxproj", "{E1AF35E4-2324-493C-B446-6B70A164A0B2}"
EndProject
Project("{FAE04EC0-301F-11D3-BF4B-00C04F79EFBC}") = "pp2", "pp2\pp2.csproj", "{EFA84E6C-0382-41D5-BADD-29DCB274A04D}"
EndProject
Global
	GlobalSection(SolutionConfigurationPlatforms) = preSolution
		Debug|Any CPU = Debug|Any CPU
		Debug|ARM = Debug|ARM
		Debug|x64 = Debug|x64
		Debug|x86 = Debug|x86
		Release|Any CPU = Release|Any CPU
		Release|ARM = Release|ARM
		Release|x64 = Release|x64
		Release|x86 = Release|x86
		ReleaseDebug|Any CPU = ReleaseDebug|Any CPU
		ReleaseDebug|ARM = ReleaseDebug|ARM
		ReleaseDebug|x64 = ReleaseDebug|x64
		ReleaseDebug|x86 = ReleaseDebug|x86
	EndGlobalSection
	GlobalSection(ProjectConfigurationPlatforms) = postSolution
		{AA2A22EF-17CB-4B53-B921-05C18036AD15}.Debug|Any CPU.ActiveCfg = Debug|Win32
		{AA2A22EF-17CB-4B53-B921-05C18036AD15}.Debug|ARM.ActiveCfg = Debug|Win32
		{AA2A22EF-17CB-4B53-B921-05C18036AD15}.Debug|x64.ActiveCfg = Debug|x64
		{AA2A22EF-17CB-4B53-B921-05C18036AD15}.Debug|x64.Build.0 = Debug|x64
		{AA2A22EF-17CB-4B53-B921-05C18036AD15}.Debug|x86.ActiveCfg = Release|Win32
		{AA2A22EF-17CB-4B53-B921-05C18036AD15}.Debug|x86.Build.0 = Release|Win32
		{AA2A22EF-17CB-4B53-B921-05C18036AD15}.Release|Any CPU.ActiveCfg = Release|Win32
		{AA2A22EF-17CB-4B53-B921-05C18036AD15}.Release|ARM.ActiveCfg = Release|Win32
		{AA2A22EF-17CB-4B53-B921-05C18036AD15}.Release|x64.ActiveCfg = Release|x64
		{AA2A22EF-17CB-4B53-B921-05C18036AD15}.Release|x64.Build.0 = Release|x64
		{AA2A22EF-17CB-4B53-B921-05C18036AD15}.Release|x86.ActiveCfg = Release|Win32
		{AA2A22EF-17CB-4B53-B921-05C18036AD15}.Release|x86.Build.0 = Release|Win32
		{AA2A22EF-17CB-4B53-B921-05C18036AD15}.ReleaseDebug|Any CPU.ActiveCfg = ReleaseDebug|Win32
		{AA2A22EF-17CB-4B53-B921-05C18036AD15}.ReleaseDebug|ARM.ActiveCfg = ReleaseDebug|Win32
		{AA2A22EF-17CB-4B53-B921-05C18036AD15}.ReleaseDebug|x64.ActiveCfg = ReleaseDebug|x64
		{AA2A22EF-17CB-4B53-B921-05C18036AD15}.ReleaseDebug|x64.Build.0 = ReleaseDebug|x64
		{AA2A22EF-17CB-4B53-B921-05C18036AD15}.ReleaseDebug|x86.ActiveCfg = ReleaseDebug|Win32
		{AA2A22EF-17CB-4B53-B921-05C18036AD15}.ReleaseDebug|x86.Build.0 = ReleaseDebug|Win32
		{43075A07-A627-44C9-9C55-1AE92AA636F8}.Debug|Any CPU.ActiveCfg = Debug|Win32
		{43075A07-A627-44C9-9C55-1AE92AA636F8}.Debug|ARM.ActiveCfg = Debug|Win32
		{43075A07-A627-44C9-9C55-1AE92AA636F8}.Debug|x64.ActiveCfg = Debug|x64
		{43075A07-A627-44C9-9C55-1AE92AA636F8}.Debug|x64.Build.0 = Debug|x64
		{43075A07-A627-44C9-9C55-1AE92AA636F8}.Debug|x86.ActiveCfg = Release|Win32
		{43075A07-A627-44C9-9C55-1AE92AA636F8}.Debug|x86.Build.0 = Release|Win32
		{43075A07-A627-44C9-9C55-1AE92AA636F8}.Release|Any CPU.ActiveCfg = Release|Win32
		{43075A07-A627-44C9-9C55-1AE92AA636F8}.Release|ARM.ActiveCfg = Release|Win32
		{43075A07-A627-44C9-9C55-1AE92AA636F8}.Release|x64.ActiveCfg = Release|x64
		{43075A07-A627-44C9-9C55-1AE92AA636F8}.Release|x64.Build.0 = Release|x64
		{43075A07-A627-44C9-9C55-1AE92AA636F8}.Release|x86.ActiveCfg = Release|Win32
		{43075A07-A627-44C9-9C55-1AE92AA636F8}.Release|x86.Build.0 = Release|Win32
		{43075A07-A627-44C9-9C55-1AE92AA636F8}.ReleaseDebug|Any CPU.ActiveCfg = Release|x64
		{43075A07-A627-44C9-9C55-1AE92AA636F8}.ReleaseDebug|Any CPU.Build.0 = Release|x64
		{43075A07-A627-44C9-9C55-1AE92AA636F8}.ReleaseDebug|ARM.ActiveCfg = Release|x64
		{43075A07-A627-44C9-9C55-1AE92AA636F8}.ReleaseDebug|ARM.Build.0 = Release|x64
		{43075A07-A627-44C9-9C55-1AE92AA636F8}.ReleaseDebug|x64.ActiveCfg = Release|x64
		{43075A07-A627-44C9-9C55-1AE92AA636F8}.ReleaseDebug|x64.Build.0 = Release|x64
		{43075A07-A627-44C9-9C55-1AE92AA636F8}.ReleaseDebug|x86.ActiveCfg = Release|Win32
		{43075A07-A627-44C9-9C55-1AE92AA636F8}.ReleaseDebug|x86.Build.0 = Release|Win32
		{E1AF35E4-2324-493C-B446-6B70A164A0B2}.Debug|Any CPU.ActiveCfg = Debug|Win32
		{E1AF35E4-2324-493C-B446-6B70A164A0B2}.Debug|ARM.ActiveCfg = Debug|Win32
		{E1AF35E4-2324-493C-B446-6B70A164A0B2}.Debug|x64.ActiveCfg = Debug|x64
		{E1AF35E4-2324-493C-B446-6B70A164A0B2}.Debug|x64.Build.0 = Debug|x64
		{E1AF35E4-2324-493C-B446-6B70A164A0B2}.Debug|x86.ActiveCfg = Release|Win32
		{E1AF35E4-2324-493C-B446-6B70A164A0B2}.Debug|x86.Build.0 = Release|Win32
		{E1AF35E4-2324-493C-B446-6B70A164A0B2}.Release|Any CPU.ActiveCfg = Release|Win32
		{E1AF35E4-2324-493C-B446-6B70A164A0B2}.Release|ARM.ActiveCfg = Release|Win32
		{E1AF35E4-2324-493C-B446-6B70A164A0B2}.Release|x64.ActiveCfg = Release|x64
		{E1AF35E4-2324-493C-B446-6B70A164A0B2}.Release|x64.Build.0 = Release|x64
		{E1AF35E4-2324-493C-B446-6B70A164A0B2}.Release|x86.ActiveCfg = Release|Win32
		{E1AF35E4-2324-493C-B446-6B70A164A0B2}.Release|x86.Build.0 = Release|Win32
		{E1AF35E4-2324-493C-B446-6B70A164A0B2}.ReleaseDebug|Any CPU.ActiveCfg = Release|x64
		{E1AF35E4-2324-493C-B446-6B70A164A0B2}.ReleaseDebug|Any CPU.Build.0 = Release|x64
		{E1AF35E4-2324-493C-B446-6B70A164A0B2}.ReleaseDebug|ARM.ActiveCfg = Release|x64
		{E1AF35E4-2324-493C-B446-6B70A164A0B2}.ReleaseDebug|ARM.Build.0 = Release|x64
		{E1AF35E4-2324-493C-B446-6B70A164A0B2}.ReleaseDebug|x64.ActiveCfg = Release|x64
		{E1AF35E4-2324-493C-B446-6B70A164A0B2}.ReleaseDebug|x64.Build.0 = Release|x64
		{E1AF35E4-2324-493C-B446-6B70A164A0B2}.ReleaseDebug|x86.ActiveCfg = Release|Win32
		{E1AF35E4-2324-493C-B446-6B70A164A0B2}.ReleaseDebug|x86.Build.0 = Release|Win32
		{EFA84E6C-0382-41D5-BADD-29DCB274A04D}.Debug|Any CPU.ActiveCfg = Debug|x64
		{EFA84E6C-0382-41D5-BADD-29DCB274A04D}.Debug|ARM.ActiveCfg = Debug|x64
		{EFA84E6C-0382-41D5-BADD-29DCB274A04D}.Debug|x64.ActiveCfg = Debug|x64
		{EFA84E6C-0382-41D5-BADD-29DCB274A04D}.Debug|x64.Build.0 = Debug|x64
		{EFA84E6C-0382-41D5-BADD-29DCB274A04D}.Debug|x86.ActiveCfg = Release|x64
		{EFA84E6C-0382-41D5-BADD-29DCB274A04D}.Debug|x86.Build.0 = Release|x64
		{EFA84E6C-0382-41D5-BADD-29DCB274A04D}.Release|Any CPU.ActiveCfg = Release|x64
		{EFA84E6C-0382-41D5-BADD-29DCB274A04D}.Release|ARM.ActiveCfg = Release|x64
		{EFA84E6C-0382-41D5-BADD-29DCB274A04D}.Release|x64.ActiveCfg = Release|x64
		{EFA84E6C-0382-41D5-BADD-29DCB274A04D}.Release|x64.Build.0 = Release|x64
		{EFA84E6C-0382-41D5-BADD-29DCB274A04D}.Release|x86.ActiveCfg = Debug|x64
		{EFA84E6C-0382-41D5-BADD-29DCB274A04D}.Release|x86.Build.0 = Debug|x64
		{EFA84E6C-0382-41D5-BADD-29DCB274A04D}.ReleaseDebug|Any CPU.ActiveCfg = Release|x64
		{EFA84E6C-0382-41D5-BADD-29DCB274A04D}.ReleaseDebug|Any CPU.Build.0 = Release|x64
		{EFA84E6C-0382-41D5-BADD-29DCB274A04D}.ReleaseDebug|ARM.ActiveCfg = Release|x64
		{EFA84E6C-0382-41D5-BADD-29DCB274A04D}.ReleaseDebug|ARM.Build.0 = Release|x64
		{EFA84E6C-0382-41D5-BADD-29DCB274A04D}.ReleaseDebug|x64.ActiveCfg = Release|x64
		{EFA84E6C-0382-41D5-BADD-29DCB274A04D}.ReleaseDebug|x64.Build.0 = Release|x64
		{EFA84E6C-0382-41D5-BADD-29DCB274A04D}.ReleaseDebug|x86.ActiveCfg = Release|x64
		{EFA84E6C-0382-41D5-BADD-29DCB274A04D}.ReleaseDebug|x86.Build.0 = Release|x64
	EndGlobalSection
	GlobalSection(SolutionProperties) = preSolution
		HideSolutionNode = FALSE
	EndGlobalSection
EndGlobal
