<?xml version="1.0" encoding="utf-8"?>
<Project ToolsVersion="4.0" xmlns="http://schemas.microsoft.com/developer/msbuild/2003">
  <ItemGroup>
    <Filter Include="Resource Files">
      <UniqueIdentifier>{67DA6AB6-F800-4c08-8B7A-83BB121AAD01}</UniqueIdentifier>
      <Extensions>rc;ico;cur;bmp;dlg;rc2;rct;bin;rgs;gif;jpg;jpeg;jpe;resx;tiff;tif;png;wav;mfcribbon-ms</Extensions>
    </Filter>
    <Filter Include="ExternalData">
      <UniqueIdentifier>{10a9fbdd-423a-4280-8672-440f46f13160}</UniqueIdentifier>
    </Filter>
    <Filter Include="ExternalData\ExternalClasses">
      <UniqueIdentifier>{c79839d8-c8d4-4b0e-a1fb-2859cbea54f6}</UniqueIdentifier>
    </Filter>
    <Filter Include="ExternalData\ExternalClasses\H-Classes">
      <UniqueIdentifier>{1893b2a4-e3b4-4021-8cf3-5c4a13e39b47}</UniqueIdentifier>
    </Filter>
  </ItemGroup>
  <ItemGroup>
    <ClCompile Include="main.cpp" />
    <ClCompile Include="Files\Config.cpp" />
    <ClCompile Include="Files\Logger.cpp" />
    <ClCompile Include="Functions\AAPlay\HAi.cpp" />
    <ClCompile Include="External\ExternalClasses\HClasses\HGUIButton.cpp" />
    <ClCompile Include="External\ExternalClasses\HClasses\HInfo.cpp" />
    <ClCompile Include="External\ExternalClasses\HClasses\HParticipant.cpp" />
    <ClCompile Include="External\ExternalClasses\HClasses\HPosButtonList.cpp" />
    <ClCompile Include="External\ExternalClasses\CharacterData.cpp" />
    <ClCompile Include="External\ExternalClasses\CharacterStruct.cpp" />
    <ClCompile Include="External\ExternalClasses\ConversationStruct.cpp" />
    <ClCompile Include="External\ExternalClasses\IllusionList.cpp" />
    <ClCompile Include="MemMods\AAPlay\Events\HInjections.cpp" />
    <ClCompile Include="MemMods\AAPlay\Misc\TanSlotUnlimit.cpp" />
    <ClCompile Include="MemMods\Hook.cpp" />
    <ClCompile Include="MemMods\AAEdit\TanSlotUnlimited.cpp" />
    <ClCompile Include="General\ModuleInfo.cpp" />
    <ClCompile Include="MemMods\AAEdit\SaveCard.cpp" />
    <ClCompile Include="Functions\AAUCardData.cpp" />
    <ClCompile Include="General\Buffer.cpp" />
    <ClCompile Include="Functions\AAEdit\Globals.cpp" />
    <ClCompile Include="Functions\TextureImage.cpp" />
    <ClCompile Include="Functions\AAEdit\UnlimitedDialog.cpp" />
    <ClCompile Include="External\ExternalVariables\AAEdit\WindowData.cpp" />
    <ClCompile Include="MemMods\AAEdit\Dialog.cpp" />
    <ClCompile Include="External\ExternalClasses\TextureStruct.cpp" />
    <ClCompile Include="MemMods\AAEdit\OpenCard.cpp" />
    <ClCompile Include="General\Util.cpp" />
    <ClCompile Include="MemMods\AAPlay\Events\Loads.cpp" />
    <ClCompile Include="Functions\OverrideFile.cpp" />
    <ClCompile Include="Functions\Shared\Globals.cpp" />
    <ClCompile Include="Functions\Shared\Shadowing.cpp" />
    <ClCompile Include="MemMods\Shared\Events\ArchiveFileOpen.cpp" />
    <ClCompile Include="External\ExternalClasses\HClasses\HPosData.cpp" />
    <ClCompile Include="Functions\AAPlay\HAis\BaseAi.cpp" />
    <ClCompile Include="Functions\AAPlay\HAis\ForceAi.cpp" />
    <ClCompile Include="External\ExternalVariables\AAPlay\GameGlobals.cpp" />
    <ClCompile Include="MemMods\AAPlay\Events\PcConversation.cpp" />
    <ClCompile Include="MemMods\Shared\Misc\EyeTexture.cpp" />
    <ClCompile Include="Functions\AAPlay\HButtonMove.cpp" />
    <ClCompile Include="Functions\Shared\Overrides.cpp" />
    <ClCompile Include="Functions\Shared\SpecialOverrides.cpp" />
    <ClCompile Include="MemMods\Shared\Events\MeshTexture.cpp" />
    <ClCompile Include="MemMods\Shared\Events\FileDump.cpp" />
    <ClCompile Include="Functions\AAPlay\Facecam.cpp" />
    <ClCompile Include="External\ExternalClasses\HClasses\HCamera.cpp" />
    <ClCompile Include="External\ExternalVariables\AAEdit\CardData.cpp" />
    <ClCompile Include="MemMods\Shared\Events\HairMeshes.cpp" />
    <ClCompile Include="Functions\AAPlay\Globals.cpp" />
    <ClCompile Include="Functions\CharInstData.cpp" />
    <ClCompile Include="External\ExternalVariables\AAEdit\RefreshTable.cpp" />
    <ClCompile Include="External\ExternalClasses\XXFile.cpp" />
    <ClCompile Include="Functions\Shared\Slider.cpp" />
    <ClCompile Include="External\ExternalClasses\Frame.cpp" />
    <ClCompile Include="Files\XXFile.cpp" />
    <ClCompile Include="Functions\XXObjectFile.cpp" />
    <ClCompile Include="Functions\AAPlay\Poser.cpp" />
    <ClCompile Include="General\GuiSlider.cpp" />
    <ClCompile Include="MemMods\AAPlay\Events\ClothingDialog.cpp" />
    <ClCompile Include="General\IllusionUtil.cpp" />
    <ClCompile Include="Files\PoseMods.cpp" />
    <ClCompile Include="MemMods\Shared\Events\FrameManipulationTest.cpp" />
    <ClCompile Include="Files\PoseFile.cpp" />
    <ClCompile Include="Functions\AAPlay\GameState.cpp" />
    <ClCompile Include="External\ExternalClasses\XXFileFace.cpp" />
    <ClCompile Include="Functions\Shared\Triggers\Triggers.cpp" />
    <ClCompile Include="Functions\Shared\Triggers\Expressions.cpp" />
    <ClCompile Include="Functions\Shared\Triggers\Actions.cpp" />
    <ClCompile Include="Functions\Shared\Triggers\Value.cpp" />
    <ClCompile Include="Functions\Shared\Triggers\Thread.cpp" />
    <ClCompile Include="Functions\AAEdit\UnlimitedDialogParts\Triggers.cpp" />
    <ClCompile Include="Functions\Shared\Triggers\Event.cpp" />
    <ClCompile Include="Functions\Shared\TriggerEventDistributor.cpp" />
    <ClCompile Include="MemMods\AAPlay\Events\PcActions.cpp" />
    <ClCompile Include="MemMods\AAPlay\Events\Time.cpp" />
    <ClCompile Include="MemMods\AAPlay\Events\NpcActions.cpp" />
    <ClCompile Include="External\ExternalClasses\CharacterRelation.cpp" />
    <ClCompile Include="Functions\Shared\Triggers\InfoData.cpp" />
    <ClCompile Include="Functions\Shared\Triggers\NamedConstant.cpp" />
    <ClCompile Include="External\ExternalClasses\CharacterActivity.cpp" />
    <ClCompile Include="MemMods\AAPlay\Events\CharacterActions.cpp" />
    <ClCompile Include="Files\ModuleFile.cpp" />
    <ClCompile Include="Functions\Shared\Triggers\Module.cpp" />
  </ItemGroup>
  <ItemGroup>
    <ClInclude Include="Files\Config.h" />
    <ClInclude Include="Files\Logger.h" />
    <ClInclude Include="Functions\AAPlay\HAi.h" />
    <ClInclude Include="External\ExternalClasses\HClasses\HGUIButton.h" />
    <ClInclude Include="External\ExternalClasses\HClasses\HInfo.h" />
    <ClInclude Include="External\ExternalClasses\HClasses\HParticipant.h" />
    <ClInclude Include="External\ExternalClasses\HClasses\HPosButtonList.h" />
    <ClInclude Include="External\ExternalClasses\CharacterData.h" />
    <ClInclude Include="External\ExternalClasses\CharacterStruct.h" />
    <ClInclude Include="External\ExternalClasses\ConversationStruct.h" />
    <ClInclude Include="External\ExternalClasses\IllusionList.h" />
    <ClInclude Include="External\ExternalClasses.h" />
    <ClInclude Include="MemMods\AAPlay\Events\HInjections.h" />
    <ClInclude Include="MemMods\AAPlay\Misc\TanSlotUnlimit.h" />
    <ClInclude Include="MemMods\Hook.h" />
    <ClInclude Include="MemMods\MemRightsLock.h" />
    <ClInclude Include="MemMods\AAEdit\TanSlotUnlimited.h" />
    <ClInclude Include="General\ModuleInfo.h" />
    <ClInclude Include="MemMods\AAEdit\SaveCard.h" />
    <ClInclude Include="Functions\AAUCardData.h" />
    <ClInclude Include="General\Buffer.h" />
    <ClInclude Include="Functions\AAEdit\Globals.h" />
    <ClInclude Include="Functions\TextureImage.h" />
    <ClInclude Include="Functions\AAEdit\UnlimitedDialog.h" />
    <ClInclude Include="resource.h" />
    <ClInclude Include="External\ExternalVariables\AAEdit\WindowData.h" />
    <ClInclude Include="External\ExternalVariables.h" />
    <ClInclude Include="MemMods\AAEdit\Dialog.h" />
    <ClInclude Include="config.h" />
    <ClInclude Include="External\ExternalClasses\TextureStruct.h" />
    <ClInclude Include="MemMods\AAEdit\OpenCard.h" />
    <ClInclude Include="General\Util.h" />
    <ClInclude Include="MemMods\AAPlay\Events\Loads.h" />
    <ClInclude Include="Functions\OverrideFile.h" />
    <ClInclude Include="Functions\Shared\Globals.h" />
    <ClInclude Include="Functions\Shared\Shadowing.h" />
    <ClInclude Include="MemMods\Shared\Events\ArchiveFileOpen.h" />
    <ClInclude Include="External\ExternalClasses\HClasses\HPosData.h" />
    <ClInclude Include="Functions\AAPlay\HAis\BaseAi.h" />
    <ClInclude Include="Functions\AAPlay\HAis\ForceAi.h" />
    <ClInclude Include="External\ExternalVariables\AAPlay\GameGlobals.h" />
    <ClInclude Include="MemMods\AAPlay\Events\PcConversation.h" />
    <ClInclude Include="MemMods\Shared\Misc\EyeTexture.h" />
    <ClInclude Include="Functions\AAPlay\HButtonMove.h" />
    <ClInclude Include="Functions\Shared\Overrides.h" />
    <ClInclude Include="Functions\Shared\SpecialOverrides.h" />
    <ClInclude Include="MemMods\Shared\Events\MeshTexture.h" />
    <ClInclude Include="MemMods\Shared\Events\FileDump.h" />
    <ClInclude Include="External\AddressRule.h" />
    <ClInclude Include="Functions\AAPlay\Facecam.h" />
    <ClInclude Include="External\ExternalClasses\HClasses\HCamera.h" />
    <ClInclude Include="External\ExternalClasses\XXFile.h" />
    <ClInclude Include="External\ExternalVariables\AAEdit\CardData.h" />
    <ClInclude Include="MemMods\Shared\Events\HairMeshes.h" />
    <ClInclude Include="Functions\AAPlay\Globals.h" />
    <ClInclude Include="Functions\CharInstData.h" />
    <ClInclude Include="External\ExternalVariables\AAEdit\RefreshTable.h" />
    <ClInclude Include="External\ExternalClasses\Animation.h" />
    <ClInclude Include="External\ExternalClasses\Keyframe.h" />
    <ClInclude Include="Functions\Shared\Slider.h" />
    <ClInclude Include="General\DirectXStructs.h" />
    <ClInclude Include="External\ExternalClasses\Frame.h" />
    <ClInclude Include="External\ExternalClasses\Bone.h" />
    <ClInclude Include="Files\XXFile.h" />
    <ClInclude Include="Functions\XXObjectFile.h" />
    <ClInclude Include="Functions\AAPlay\Poser.h" />
    <ClInclude Include="General\GuiSlider.h" />
    <ClInclude Include="MemMods\AAPlay\Events\ClothingDialog.h" />
    <ClInclude Include="General\IllusionUtil.h" />
    <ClInclude Include="Files\PoseMods.h" />
    <ClInclude Include="MemMods\Shared\Events\FrameManipulationTest.h" />
    <ClInclude Include="Files\PoseFile.h" />
    <ClInclude Include="3rdparty\picojson\picojson.h" />
    <ClInclude Include="Functions\AAPlay\GameState.h" />
    <ClInclude Include="External\ExternalClasses\XXFileFace.h" />
    <ClInclude Include="Files\ClothFile.h" />
    <ClInclude Include="Functions\Shared\Triggers\Triggers.h" />
    <ClInclude Include="Functions\Shared\Triggers\Actions.h" />
    <ClInclude Include="Functions\Shared\Triggers\Expressions.h" />
    <ClInclude Include="Functions\Shared\Triggers\Value.h" />
    <ClInclude Include="Functions\Shared\Triggers\Thread.h" />
    <ClInclude Include="Functions\Shared\Triggers\Event.h" />
    <ClInclude Include="Functions\Shared\TriggerEventDistributor.h" />
    <ClInclude Include="MemMods\AAPlay\Events\PcActions.h" />
    <ClInclude Include="MemMods\AAPlay\Events\Time.h" />
    <ClInclude Include="MemMods\AAPlay\Events\NpcActions.h" />
    <ClInclude Include="External\ExternalClasses\CharacterRelation.h" />
    <ClInclude Include="External\ExternalClasses\IllusionArray.h" />
    <ClInclude Include="Functions\Shared\Triggers\InfoData.h" />
    <ClInclude Include="Functions\AAEdit\UnlimitedDialogParts\Triggers.h" />
    <ClInclude Include="Functions\Shared\Triggers\NamedConstant.h" />
    <ClInclude Include="External\ExternalClasses\CharacterActivity.h" />
    <ClInclude Include="MemMods\AAPlay\Events\CharacterActions.h" />
    <ClInclude Include="External\ExternalClasses\LoverData.h" />
    <ClInclude Include="External\ExternalClasses\TimeData.h" />
    <ClInclude Include="Functions\Serialize.h" />
    <ClInclude Include="Files\ModuleFile.h" />
    <ClInclude Include="Functions\Shared\Triggers\Module.h" />
    <ClInclude Include="External\ExternalClasses\HStatistics.h" />
    <ClInclude Include="External\ExternalClasses\CharacterNpcReactData.h" />
    <ClInclude Include="External\ExternalClasses\CharacterNpcAiData.h" />
  </ItemGroup>
  <ItemGroup>
    <Text Include="Texts\config.txt" />
    <Text Include="Texts\todo.txt" />
    <Text Include="Texts\readme.txt" />
    <Text Include="Texts\poserframes.txt" />
  </ItemGroup>
  <ItemGroup>
    <ResourceCompile Include="AAUnlimitedDll.rc">
      <Filter>Resource Files</Filter>
    </ResourceCompile>
  </ItemGroup>
  <ItemGroup>
    <None Include="resource.hm" />
    <None Include="Cheat Engine Tables\AA2Edit.CT" />
    <None Include="Cheat Engine Tables\AA2Play v12 FP v1.4.0a.CT" />
  </ItemGroup>
</Project>