<?xml version="1.0" encoding="utf-8"?>
<Project ToolsVersion="4.0" xmlns="http://schemas.microsoft.com/developer/msbuild/2003">
  <ItemGroup>
    <Filter Include="Resource Files">
      <UniqueIdentifier>{67DA6AB6-F800-4c08-8B7A-83BB121AAD01}</UniqueIdentifier>
      <Extensions>rc;ico;cur;bmp;dlg;rc2;rct;bin;rgs;gif;jpg;jpeg;jpe;resx;tiff;tif;png;wav;mfcribbon-ms</Extensions>
    </Filter>
    <Filter Include="ExternalData">
      <UniqueIdentifier>{10a9fbdd-423a-4280-8672-440f46f13160}</UniqueIdentifier>
    </Filter>
    <Filter Include="ExternalData\ExternalClasses">
      <UniqueIdentifier>{c79839d8-c8d4-4b0e-a1fb-2859cbea54f6}</UniqueIdentifier>
    </Filter>
    <Filter Include="ExternalData\ExternalClasses\H-Classes">
      <UniqueIdentifier>{1893b2a4-e3b4-4021-8cf3-5c4a13e39b47}</UniqueIdentifier>
    </Filter>
    <Filter Include="Lua">
      <UniqueIdentifier>{50d94dc6-2751-4aed-96b7-ed5153d2401e}</UniqueIdentifier>
    </Filter>
    <Filter Include="Lua\Launcher">
      <UniqueIdentifier>{f8591d55-7743-4c1e-8fd3-d1e62a291960}</UniqueIdentifier>
    </Filter>
    <Filter Include="Lua\makertrans">
      <UniqueIdentifier>{d8182a1c-5e55-438b-b8ce-b6f1e98b13d0}</UniqueIdentifier>
    </Filter>
    <Filter Include="Lua\aaface">
      <UniqueIdentifier>{4ccd2800-a7eb-49d9-9c6b-c86e52fa201e}</UniqueIdentifier>
    </Filter>
    <Filter Include="Lua\poser">
      <UniqueIdentifier>{f7683d3e-1e54-4a5f-9217-5d526870f631}</UniqueIdentifier>
    </Filter>
    <Filter Include="Lua\pl">
      <UniqueIdentifier>{fc673826-81e7-4924-84cc-c00b7e904890}</UniqueIdentifier>
    </Filter>
    <Filter Include="Lua\edit">
      <UniqueIdentifier>{e7df2fc0-9757-4e6e-87b9-f9a138235b7f}</UniqueIdentifier>
    </Filter>
  </ItemGroup>
  <ItemGroup>
    <ClCompile Include="main.cpp" />
    <ClCompile Include="Files\Config.cpp" />
    <ClCompile Include="Files\Logger.cpp" />
    <ClCompile Include="Functions\AAPlay\HAi.cpp" />
    <ClCompile Include="External\ExternalClasses\HClasses\HGUIButton.cpp" />
    <ClCompile Include="External\ExternalClasses\HClasses\HInfo.cpp" />
    <ClCompile Include="External\ExternalClasses\HClasses\HParticipant.cpp" />
    <ClCompile Include="External\ExternalClasses\HClasses\HPosButtonList.cpp" />
    <ClCompile Include="External\ExternalClasses\CharacterData.cpp" />
    <ClCompile Include="External\ExternalClasses\CharacterStruct.cpp" />
    <ClCompile Include="External\ExternalClasses\ConversationStruct.cpp" />
    <ClCompile Include="External\ExternalClasses\IllusionList.cpp" />
    <ClCompile Include="MemMods\AAPlay\Events\HInjections.cpp" />
    <ClCompile Include="MemMods\AAPlay\Misc\TanSlotUnlimit.cpp" />
    <ClCompile Include="MemMods\Hook.cpp" />
    <ClCompile Include="MemMods\AAEdit\TanSlotUnlimited.cpp" />
    <ClCompile Include="General\ModuleInfo.cpp" />
    <ClCompile Include="Functions\AAUCardData.cpp" />
    <ClCompile Include="General\Buffer.cpp" />
    <ClCompile Include="Functions\AAEdit\Globals.cpp" />
    <ClCompile Include="Functions\TextureImage.cpp" />
    <ClCompile Include="Functions\AAEdit\UnlimitedDialog.cpp" />
    <ClCompile Include="External\ExternalVariables\AAEdit\WindowData.cpp" />
    <ClCompile Include="MemMods\AAEdit\Dialog.cpp" />
    <ClCompile Include="External\ExternalClasses\TextureStruct.cpp" />
    <ClCompile Include="General\Util.cpp" />
    <ClCompile Include="MemMods\AAPlay\Events\Loads.cpp" />
    <ClCompile Include="Functions\OverrideFile.cpp" />
    <ClCompile Include="Functions\Shared\Globals.cpp" />
    <ClCompile Include="Functions\Shared\Shadowing.cpp" />
    <ClCompile Include="MemMods\Shared\Events\ArchiveFileOpen.cpp" />
    <ClCompile Include="External\ExternalClasses\HClasses\HPosData.cpp" />
    <ClCompile Include="Functions\AAPlay\HAis\BaseAi.cpp" />
    <ClCompile Include="Functions\AAPlay\HAis\ForceAi.cpp" />
    <ClCompile Include="External\ExternalVariables\AAPlay\GameGlobals.cpp" />
    <ClCompile Include="MemMods\AAPlay\Events\PcConversation.cpp" />
    <ClCompile Include="MemMods\Shared\Misc\EyeTexture.cpp" />
    <ClCompile Include="Functions\AAPlay\HButtonMove.cpp" />
    <ClCompile Include="Functions\Shared\Overrides.cpp" />
    <ClCompile Include="Functions\Shared\SpecialOverrides.cpp" />
    <ClCompile Include="MemMods\Shared\Events\MeshTexture.cpp" />
    <ClCompile Include="MemMods\Shared\Events\FileDump.cpp" />
    <ClCompile Include="External\ExternalVariables\AAEdit\CardData.cpp" />
    <ClCompile Include="MemMods\Shared\Events\HairMeshes.cpp" />
    <ClCompile Include="Functions\AAPlay\Globals.cpp" />
    <ClCompile Include="Functions\CharInstData.cpp" />
    <ClCompile Include="External\ExternalVariables\AAEdit\RefreshTable.cpp" />
    <ClCompile Include="External\ExternalClasses\XXFile.cpp" />
    <ClCompile Include="Functions\Shared\Slider.cpp" />
    <ClCompile Include="External\ExternalClasses\Frame.cpp" />
    <ClCompile Include="Files\XXFile.cpp" />
    <ClCompile Include="Functions\XXObjectFile.cpp" />
    <ClCompile Include="Functions\AAPlay\Poser.cpp" />
    <ClCompile Include="MemMods\AAPlay\Events\ClothingDialog.cpp" />
    <ClCompile Include="General\IllusionUtil.cpp" />
    <ClCompile Include="MemMods\Shared\Events\FrameManipulationTest.cpp" />
    <ClCompile Include="Functions\AAPlay\GameState.cpp" />
    <ClCompile Include="External\ExternalClasses\XXFileFace.cpp" />
    <ClCompile Include="Functions\AAPlay\PoserController.cpp" />
    <ClCompile Include="Functions\Shared\Triggers\Triggers.cpp" />
    <ClCompile Include="Functions\Shared\Triggers\Expressions.cpp" />
    <ClCompile Include="Functions\Shared\Triggers\Actions.cpp" />
    <ClCompile Include="Functions\Shared\Triggers\Value.cpp" />
    <ClCompile Include="Functions\Shared\Triggers\Thread.cpp" />
    <ClCompile Include="Functions\AAEdit\UnlimitedDialogParts\Triggers.cpp" />
    <ClCompile Include="Functions\Shared\Triggers\Event.cpp" />
    <ClCompile Include="Functions\Shared\TriggerEventDistributor.cpp" />
    <ClCompile Include="MemMods\AAPlay\Events\PcActions.cpp" />
    <ClCompile Include="MemMods\AAPlay\Events\Time.cpp" />
    <ClCompile Include="MemMods\AAPlay\Events\NpcActions.cpp" />
    <ClCompile Include="External\ExternalClasses\CharacterRelation.cpp" />
    <ClCompile Include="Functions\Shared\Triggers\InfoData.cpp" />
    <ClCompile Include="Functions\Shared\Triggers\NamedConstant.cpp" />
    <ClCompile Include="External\ExternalClasses\CharacterActivity.cpp" />
    <ClCompile Include="MemMods\AAPlay\Events\CharacterActions.cpp" />
    <ClCompile Include="Files\ModuleFile.cpp" />
    <ClCompile Include="Functions\Shared\Triggers\Module.cpp" />
    <ClCompile Include="MemMods\AAPlay\Events\ScreenCapture.cpp" />
    <ClCompile Include="MemMods\Shared\Misc\FixLocale.cpp" />
    <ClCompile Include="Script\ScriptLua.cpp" />
    <ClCompile Include="Files\PPeX.cpp" />
    <ClCompile Include="MemMods\Shared\Events\MemAlloc.cpp" />
    <ClCompile Include="Files\PP2.cpp" />
    <ClCompile Include="MemMods\Shared\Events\GameTick.cpp" />
    <ClCompile Include="Functions\Render.cpp" />
    <ClCompile Include="Functions\RenderWrap.cpp" />
    <ClCompile Include="Files\PersistentStorage.cpp" />
    <ClCompile Include="Hooks\WinAPI.cpp" />
    <ClCompile Include="MemMods\AAPlay\Events\UiEvent.cpp" />
    <ClCompile Include="Files\PNGData.cpp" />
    <ClCompile Include="External\ExternalClasses\Camera.cpp" />
    <ClCompile Include="External\ExternalClasses\Light.cpp" />
    <ClCompile Include="Functions\AAPlay\Subs.cpp" />
    <ClCompile Include="MemMods\AAPlay\Events\CharacterRender.cpp" />
  </ItemGroup>
  <ItemGroup>
    <ClInclude Include="Files\Config.h" />
    <ClInclude Include="Files\Logger.h" />
    <ClInclude Include="Functions\AAPlay\HAi.h" />
    <ClInclude Include="External\ExternalClasses\HClasses\HGUIButton.h" />
    <ClInclude Include="External\ExternalClasses\HClasses\HInfo.h" />
    <ClInclude Include="External\ExternalClasses\HClasses\HParticipant.h" />
    <ClInclude Include="External\ExternalClasses\HClasses\HPosButtonList.h" />
    <ClInclude Include="External\ExternalClasses\CharacterData.h" />
    <ClInclude Include="External\ExternalClasses\CharacterStruct.h" />
    <ClInclude Include="External\ExternalClasses\ConversationStruct.h" />
    <ClInclude Include="External\ExternalClasses\IllusionList.h" />
    <ClInclude Include="External\ExternalClasses.h" />
    <ClInclude Include="MemMods\AAPlay\Events\HInjections.h" />
    <ClInclude Include="MemMods\AAPlay\Misc\TanSlotUnlimit.h" />
    <ClInclude Include="MemMods\Hook.h" />
    <ClInclude Include="MemMods\MemRightsLock.h" />
    <ClInclude Include="MemMods\AAEdit\TanSlotUnlimited.h" />
    <ClInclude Include="General\ModuleInfo.h" />
    <ClInclude Include="Functions\AAUCardData.h" />
    <ClInclude Include="General\Buffer.h" />
    <ClInclude Include="Functions\AAEdit\Globals.h" />
    <ClInclude Include="Functions\TextureImage.h" />
    <ClInclude Include="Functions\AAEdit\UnlimitedDialog.h" />
    <ClInclude Include="resource.h" />
    <ClInclude Include="External\ExternalVariables\AAEdit\WindowData.h" />
    <ClInclude Include="External\ExternalVariables.h" />
    <ClInclude Include="MemMods\AAEdit\Dialog.h" />
    <ClInclude Include="External\ExternalClasses\TextureStruct.h" />
    <ClInclude Include="General\Util.h" />
    <ClInclude Include="MemMods\AAPlay\Events\Loads.h" />
    <ClInclude Include="Functions\OverrideFile.h" />
    <ClInclude Include="Functions\Shared\Globals.h" />
    <ClInclude Include="Functions\Shared\Shadowing.h" />
    <ClInclude Include="MemMods\Shared\Events\ArchiveFileOpen.h" />
    <ClInclude Include="External\ExternalClasses\HClasses\HPosData.h" />
    <ClInclude Include="Functions\AAPlay\HAis\BaseAi.h" />
    <ClInclude Include="Functions\AAPlay\HAis\ForceAi.h" />
    <ClInclude Include="External\ExternalVariables\AAPlay\GameGlobals.h" />
    <ClInclude Include="MemMods\AAPlay\Events\PcConversation.h" />
    <ClInclude Include="MemMods\Shared\Misc\EyeTexture.h" />
    <ClInclude Include="Functions\AAPlay\HButtonMove.h" />
    <ClInclude Include="Functions\Shared\Overrides.h" />
    <ClInclude Include="Functions\Shared\SpecialOverrides.h" />
    <ClInclude Include="MemMods\Shared\Events\MeshTexture.h" />
    <ClInclude Include="MemMods\Shared\Events\FileDump.h" />
    <ClInclude Include="External\AddressRule.h" />
    <ClInclude Include="External\ExternalClasses\XXFile.h" />
    <ClInclude Include="External\ExternalVariables\AAEdit\CardData.h" />
    <ClInclude Include="MemMods\Shared\Events\HairMeshes.h" />
    <ClInclude Include="Functions\AAPlay\Globals.h" />
    <ClInclude Include="Functions\CharInstData.h" />
    <ClInclude Include="External\ExternalVariables\AAEdit\RefreshTable.h" />
    <ClInclude Include="External\ExternalClasses\Animation.h" />
    <ClInclude Include="External\ExternalClasses\Keyframe.h" />
    <ClInclude Include="Functions\Shared\Slider.h" />
    <ClInclude Include="General\DirectXStructs.h" />
    <ClInclude Include="External\ExternalClasses\Frame.h" />
    <ClInclude Include="External\ExternalClasses\Bone.h" />
    <ClInclude Include="Files\XXFile.h" />
    <ClInclude Include="Functions\XXObjectFile.h" />
    <ClInclude Include="Functions\AAPlay\Poser.h" />
    <ClInclude Include="MemMods\AAPlay\Events\ClothingDialog.h" />
    <ClInclude Include="General\IllusionUtil.h" />
    <ClInclude Include="MemMods\Shared\Events\FrameManipulationTest.h" />
    <ClInclude Include="3rdparty\picojson\picojson.h" />
    <ClInclude Include="Functions\AAPlay\GameState.h" />
    <ClInclude Include="External\ExternalClasses\XXFileFace.h" />
    <ClInclude Include="Files\ClothFile.h" />
    <ClInclude Include="Functions\AAPlay\PoserController.h" />
    <ClInclude Include="Functions\Shared\Triggers\Triggers.h" />
    <ClInclude Include="Functions\Shared\Triggers\Actions.h" />
    <ClInclude Include="Functions\Shared\Triggers\Expressions.h" />
    <ClInclude Include="Functions\Shared\Triggers\Value.h" />
    <ClInclude Include="Functions\Shared\Triggers\Thread.h" />
    <ClInclude Include="Functions\Shared\Triggers\Event.h" />
    <ClInclude Include="Functions\Shared\TriggerEventDistributor.h" />
    <ClInclude Include="MemMods\AAPlay\Events\PcActions.h" />
    <ClInclude Include="MemMods\AAPlay\Events\Time.h" />
    <ClInclude Include="MemMods\AAPlay\Events\NpcActions.h" />
    <ClInclude Include="External\ExternalClasses\CharacterRelation.h" />
    <ClInclude Include="External\ExternalClasses\IllusionArray.h" />
    <ClInclude Include="Functions\Shared\Triggers\InfoData.h" />
    <ClInclude Include="Functions\AAEdit\UnlimitedDialogParts\Triggers.h" />
    <ClInclude Include="Functions\Shared\Triggers\NamedConstant.h" />
    <ClInclude Include="External\ExternalClasses\CharacterActivity.h" />
    <ClInclude Include="MemMods\AAPlay\Events\CharacterActions.h" />
    <ClInclude Include="External\ExternalClasses\LoverData.h" />
    <ClInclude Include="External\ExternalClasses\TimeData.h" />
    <ClInclude Include="Functions\Serialize.h" />
    <ClInclude Include="Files\ModuleFile.h" />
    <ClInclude Include="Functions\Shared\Triggers\Module.h" />
    <ClInclude Include="External\ExternalClasses\CharacterNpcReactData.h" />
    <ClInclude Include="External\ExternalClasses\CharacterNpcAiData.h" />
    <ClInclude Include="MemMods\AAPlay\Events\ScreenCapture.h" />
    <ClInclude Include="MemMods\Shared\Misc\FixLocale.h" />
    <ClInclude Include="Script\ScriptLua.h" />
    <ClInclude Include="defs.h" />
    <ClInclude Include="Files\PPeX.h" />
    <ClInclude Include="MemMods\Shared\Events\MemAlloc.h" />
    <ClInclude Include="Files\PP2.h" />
    <ClInclude Include="MemMods\Shared\Events\GameTick.h" />
    <ClInclude Include="StdAfx.h" />
    <ClInclude Include="Script\glua.h" />
    <ClInclude Include="Script\gluam.h" />
    <ClInclude Include="Functions\Render.h" />
    <ClInclude Include="Functions\RenderWrap.h" />
    <ClInclude Include="Files\PersistentStorage.h" />
    <ClInclude Include="Hooks\WinAPI.h" />
    <ClInclude Include="MemMods\AAPlay\Events\UiEvent.h" />
    <ClInclude Include="Script\glua_stl.h" />
    <ClInclude Include="External\ExternalClasses\Material.h" />
    <ClInclude Include="Files\PNGData.h" />
    <ClInclude Include="External\ExternalClasses\Camera.h" />
    <ClInclude Include="External\ExternalClasses\Light.h" />
    <ClInclude Include="External\ExternalClasses\NpcStatus.h" />
    <ClInclude Include="External\ExternalClasses\CharacterStatus.h" />
    <ClInclude Include="External\ExternalClasses\NpcData.h" />
    <ClInclude Include="External\ExternalClasses\ActionParamStruct.h" />
    <ClInclude Include="Functions\AAPlay\Subs.h" />
    <ClInclude Include="MemMods\AAPlay\Events\CharacterRender.h" />
  </ItemGroup>
  <ItemGroup>
    <ResourceCompile Include="AAUnlimitedDll.rc">
      <Filter>Resource Files</Filter>
    </ResourceCompile>
  </ItemGroup>
  <ItemGroup>
    <None Include="resource.hm" />
    <None Include="Cheat Engine Tables\AA2Edit.CT" />
    <None Include="Cheat Engine Tables\AA2Play v12 FP v1.4.0a.CT" />
    <None Include="Texts\config.lua">
      <Filter>Lua</Filter>
    </None>
    <None Include="Texts\init.lua">
      <Filter>Lua</Filter>
    </None>
    <None Include="Texts\mod\fixlocale.lua">
      <Filter>Lua</Filter>
    </None>
    <None Include="Texts\mod\memory.lua">
      <Filter>Lua</Filter>
    </None>
    <None Include="Texts\mod\launcher\init.lua">
      <Filter>Lua\Launcher</Filter>
    </None>
    <None Include="Texts\mod\launcher\dlg.lua">
      <Filter>Lua\Launcher</Filter>
    </None>
    <None Include="Texts\mod\nocd.lua">
      <Filter>Lua</Filter>
    </None>
    <None Include="Texts\mod\strutil.lua">
      <Filter>Lua</Filter>
    </None>
    <None Include="Texts\mod\makertrans\dict.lua">
      <Filter>Lua\makertrans</Filter>
    </None>
    <None Include="Texts\mod\makertrans\init.lua">
      <Filter>Lua\makertrans</Filter>
    </None>
    <None Include="Texts\mod\launcher\gsd.lua">
      <Filter>Lua\Launcher</Filter>
    </None>
    <None Include="Texts\mod\fakereg.lua">
      <Filter>Lua</Filter>
    </None>
    <None Include="Texts\mod\facecam.lua">
      <Filter>Lua</Filter>
    </None>
    <None Include="Texts\mod\geass.lua">
      <Filter>Lua</Filter>
    </None>
    <None Include="Texts\mod\font.lua">
      <Filter>Lua</Filter>
    </None>
    <None Include="Texts\mod\borderless.lua">
      <Filter>Lua</Filter>
    </None>
    <None Include="Texts\mod\homosex.lua">
      <Filter>Lua</Filter>
    </None>
    <None Include="Texts\mod\launcher\dlglist.lua">
      <Filter>Lua\Launcher</Filter>
    </None>
    <None Include="Texts\mod\launcher\dlgmod.lua">
      <Filter>Lua\Launcher</Filter>
    </None>
    <None Include="Texts\mod\patcher.lua">
      <Filter>Lua</Filter>
    </None>
    <None Include="Texts\mod\reshade.lua">
      <Filter>Lua</Filter>
    </None>
    <None Include="Texts\mod\win10fix.lua">
      <Filter>Lua</Filter>
    </None>
    <None Include="Texts\mod\aaface\init.lua">
      <Filter>Lua\aaface</Filter>
    </None>
    <None Include="Texts\mod\patches.lua">
      <Filter>Lua</Filter>
    </None>
    <None Include="Texts\mod\wined3d.lua">
      <Filter>Lua</Filter>
    </None>
    <None Include="Texts\mod\dx.lua">
      <Filter>Lua</Filter>
    </None>
    <None Include="Texts\mod\com.lua">
      <Filter>Lua</Filter>
    </None>
    <None Include="Texts\mod\unlocks.lua">
      <Filter>Lua</Filter>
    </None>
    <None Include="Texts\mod\playtrans.lua">
      <Filter>Lua</Filter>
    </None>
    <None Include="Texts\mod\stats.lua">
      <Filter>Lua</Filter>
    </None>
    <None Include="Texts\mod\poser\dlg.lua">
      <Filter>Lua\poser</Filter>
    </None>
    <None Include="Texts\mod\poser\init.lua">
      <Filter>Lua\poser</Filter>
    </None>
    <None Include="Texts\mod\poser\signals.lua">
      <Filter>Lua\poser</Filter>
    </None>
    <None Include="Texts\mod\jizou.lua">
      <Filter>Lua</Filter>
    </None>
    <None Include="Texts\mod\opt.lua">
      <Filter>Lua</Filter>
    </None>
    <None Include="Texts\mod\pl\app.lua">
      <Filter>Lua\pl</Filter>
    </None>
    <None Include="Texts\mod\pl\array2d.lua">
      <Filter>Lua\pl</Filter>
    </None>
    <None Include="Texts\mod\pl\class.lua">
      <Filter>Lua\pl</Filter>
    </None>
    <None Include="Texts\mod\pl\compat.lua">
      <Filter>Lua\pl</Filter>
    </None>
    <None Include="Texts\mod\pl\comprehension.lua">
      <Filter>Lua\pl</Filter>
    </None>
    <None Include="Texts\mod\pl\config.lua">
      <Filter>Lua\pl</Filter>
    </None>
    <None Include="Texts\mod\pl\data.lua">
      <Filter>Lua\pl</Filter>
    </None>
    <None Include="Texts\mod\pl\Date.lua">
      <Filter>Lua\pl</Filter>
    </None>
    <None Include="Texts\mod\pl\dir.lua">
      <Filter>Lua\pl</Filter>
    </None>
    <None Include="Texts\mod\pl\file.lua">
      <Filter>Lua\pl</Filter>
    </None>
    <None Include="Texts\mod\pl\func.lua">
      <Filter>Lua\pl</Filter>
    </None>
    <None Include="Texts\mod\pl\import_into.lua">
      <Filter>Lua\pl</Filter>
    </None>
    <None Include="Texts\mod\pl\init.lua">
      <Filter>Lua\pl</Filter>
    </None>
    <None Include="Texts\mod\pl\input.lua">
      <Filter>Lua\pl</Filter>
    </None>
    <None Include="Texts\mod\pl\lapp.lua">
      <Filter>Lua\pl</Filter>
    </None>
    <None Include="Texts\mod\pl\lexer.lua">
      <Filter>Lua\pl</Filter>
    </None>
    <None Include="Texts\mod\pl\List.lua">
      <Filter>Lua\pl</Filter>
    </None>
    <None Include="Texts\mod\pl\luabalanced.lua">
      <Filter>Lua\pl</Filter>
    </None>
    <None Include="Texts\mod\pl\Map.lua">
      <Filter>Lua\pl</Filter>
    </None>
    <None Include="Texts\mod\pl\MultiMap.lua">
      <Filter>Lua\pl</Filter>
    </None>
    <None Include="Texts\mod\pl\operator.lua">
      <Filter>Lua\pl</Filter>
    </None>
    <None Include="Texts\mod\pl\OrderedMap.lua">
      <Filter>Lua\pl</Filter>
    </None>
    <None Include="Texts\mod\pl\path.lua">
      <Filter>Lua\pl</Filter>
    </None>
    <None Include="Texts\mod\pl\permute.lua">
      <Filter>Lua\pl</Filter>
    </None>
    <None Include="Texts\mod\pl\pretty.lua">
      <Filter>Lua\pl</Filter>
    </None>
    <None Include="Texts\mod\pl\seq.lua">
      <Filter>Lua\pl</Filter>
    </None>
    <None Include="Texts\mod\pl\Set.lua">
      <Filter>Lua\pl</Filter>
    </None>
    <None Include="Texts\mod\pl\sip.lua">
      <Filter>Lua\pl</Filter>
    </None>
    <None Include="Texts\mod\pl\strict.lua">
      <Filter>Lua\pl</Filter>
    </None>
    <None Include="Texts\mod\pl\stringio.lua">
      <Filter>Lua\pl</Filter>
    </None>
    <None Include="Texts\mod\pl\stringx.lua">
      <Filter>Lua\pl</Filter>
    </None>
    <None Include="Texts\mod\pl\tablex.lua">
      <Filter>Lua\pl</Filter>
    </None>
    <None Include="Texts\mod\pl\template.lua">
      <Filter>Lua\pl</Filter>
    </None>
    <None Include="Texts\mod\pl\test.lua">
      <Filter>Lua\pl</Filter>
    </None>
    <None Include="Texts\mod\pl\text.lua">
      <Filter>Lua\pl</Filter>
    </None>
    <None Include="Texts\mod\pl\types.lua">
      <Filter>Lua\pl</Filter>
    </None>
    <None Include="Texts\mod\pl\url.lua">
      <Filter>Lua\pl</Filter>
    </None>
    <None Include="Texts\mod\pl\utils.lua">
      <Filter>Lua\pl</Filter>
    </None>
    <None Include="Texts\mod\pl\xml.lua">
      <Filter>Lua\pl</Filter>
    </None>
    <None Include="Texts\mod\charex.lua">
      <Filter>Lua</Filter>
    </None>
    <None Include="Texts\mod\poser\framelist.lua">
      <Filter>Lua\poser</Filter>
    </None>
    <None Include="Texts\mod\poser\lists.lua">
      <Filter>Lua\poser</Filter>
    </None>
    <None Include="Texts\mod\poser\sliders.lua">
      <Filter>Lua\poser</Filter>
    </None>
    <None Include="Texts\mod\poser\toggles.lua">
      <Filter>Lua\poser</Filter>
    </None>
    <None Include="Texts\mod\poser\posemgr.lua">
      <Filter>Lua\poser</Filter>
    </None>
    <None Include="Texts\mod\poser\charamgr.lua">
      <Filter>Lua\poser</Filter>
    </None>
    <None Include="Texts\mod\json.lua">
      <Filter>Lua</Filter>
    </None>
    <None Include="Texts\mod\poser\fileutils.lua">
      <Filter>Lua\poser</Filter>
    </None>
    <None Include="Texts\mod\poser\propmgr.lua">
      <Filter>Lua\poser</Filter>
    </None>
    <None Include="Texts\mod\poser\proxy.lua">
      <Filter>Lua\poser</Filter>
    </None>
    <None Include="Texts\mod\pp2util.lua">
      <Filter>Lua\poser</Filter>
    </None>
    <None Include="Texts\mod\butthurt.lua">
      <Filter>Lua</Filter>
    </None>
    <None Include="Texts\mod\const.lua">
      <Filter>Lua</Filter>
    </None>
    <None Include="Texts\mod\extsave.lua">
      <Filter>Lua</Filter>
    </None>
    <None Include="Texts\mod\timewarp.lua">
      <Filter>Lua</Filter>
    </None>
    <None Include="Texts\mod\fader.lua">
      <Filter>Lua</Filter>
    </None>
    <None Include="Texts\mod\hirestex.lua">
      <Filter>Lua</Filter>
    </None>
    <None Include="Texts\mod\poser\camera.lua">
      <Filter>Lua\poser</Filter>
    </None>
    <None Include="Texts\mod\meshfix.lua">
      <Filter>Lua</Filter>
    </None>
    <None Include="Texts\mod\edit\init.lua">
      <Filter>Lua\edit</Filter>
    </None>
    <None Include="Texts\mod\edit\snowflake.lua">
      <Filter>Lua\edit</Filter>
    </None>
    <None Include="Texts\mod\edit\eyeselect.lua">
      <Filter>Lua\edit</Filter>
    </None>
    <None Include="Texts\mod\edit\sliders.lua">
      <Filter>Lua\edit</Filter>
    </None>
    <None Include="Texts\mod\poser\dlgclothes.lua">
      <Filter>Lua\poser</Filter>
    </None>
    <None Include="Texts\mod\poser\dlgmeshes.lua">
      <Filter>Lua\poser</Filter>
    </None>
    <None Include="Texts\mod\subtitles.lua">
      <Filter>Lua</Filter>
    </None>
  </ItemGroup>
</Project>